
Microsoft Visual Studio Solution File, Format Version 12.00
# Visual Studio Version 16
VisualStudioVersion = 16.0.31005.135
MinimumVisualStudioVersion = 10.0.40219.1
Project("{FAE04EC0-301F-11D3-BF4B-00C04F79EFBC}") = "VideoInteractivo", "VideoInteractivo\VideoInteractivo.csproj", "{3783A119-F8B5-4AB1-84E6-48805C0CA322}"
EndProject
Global
	GlobalSection(SolutionConfigurationPlatforms) = preSolution
		Debug|Any CPU = Debug|Any CPU
		Release|Any CPU = Release|Any CPU
	EndGlobalSection
	GlobalSection(ProjectConfigurationPlatforms) = postSolution
		{3783A119-F8B5-4AB1-84E6-48805C0CA322}.Debug|Any CPU.ActiveCfg = Debug|Any CPU
		{3783A119-F8B5-4AB1-84E6-48805C0CA322}.Debug|Any CPU.Build.0 = Debug|Any CPU
		{3783A119-F8B5-4AB1-84E6-48805C0CA322}.Release|Any CPU.ActiveCfg = Release|Any CPU
		{3783A119-F8B5-4AB1-84E6-48805C0CA322}.Release|Any CPU.Build.0 = Release|Any CPU
	EndGlobalSection
	GlobalSection(SolutionProperties) = preSolution
		HideSolutionNode = FALSE
	EndGlobalSection
	GlobalSection(ExtensibilityGlobals) = postSolution
		SolutionGuid = {017089C4-EB6E-40F2-B7A0-4C070A2AF6A7}
	EndGlobalSection
EndGlobal
